<?xml version="1.0" encoding="utf-8"?>
<Project ToolsVersion="4.0" xmlns="http://schemas.microsoft.com/developer/msbuild/2003">
  <ItemGroup>
    <Filter Include="소스 파일">
      <UniqueIdentifier>{4FC737F1-C7A5-4376-A066-2A32D752A2FF}</UniqueIdentifier>
      <Extensions>cpp;c;cc;cxx;c++;cppm;ixx;def;odl;idl;hpj;bat;asm;asmx</Extensions>
    </Filter>
    <Filter Include="헤더 파일">
      <UniqueIdentifier>{93995380-89BD-4b04-88EB-625FBE52EBFB}</UniqueIdentifier>
      <Extensions>h;hh;hpp;hxx;h++;hm;inl;inc;ipp;xsd</Extensions>
    </Filter>
    <Filter Include="리소스 파일">
      <UniqueIdentifier>{67DA6AB6-F800-4c08-8B7A-83BB121AAD01}</UniqueIdentifier>
      <Extensions>rc;ico;cur;bmp;dlg;rc2;rct;bin;rgs;gif;jpg;jpeg;jpe;resx;tiff;tif;png;wav;mfcribbon-ms</Extensions>
    </Filter>
  </ItemGroup>
  <ItemGroup>
    <ClCompile Include="bj_2178_20247.24.cpp">
      <Filter>소스 파일</Filter>
    </ClCompile>
    <ClCompile Include="bj_7576_20247.25.cpp">
      <Filter>소스 파일</Filter>
    </ClCompile>
    <ClCompile Include="bj_2747_2024.3.3.cpp">
      <Filter>소스 파일</Filter>
    </ClCompile>
    <ClCompile Include="bj_1010_2024.3.24.cpp">
      <Filter>소스 파일</Filter>
    </ClCompile>
    <ClCompile Include="bj_1026_2024.2.29.cpp">
      <Filter>소스 파일</Filter>
    </ClCompile>
    <ClCompile Include="bj_1152_2024.2.29.cpp">
      <Filter>소스 파일</Filter>
    </ClCompile>
    <ClCompile Include="bj_1463_2024.3.30.cpp">
      <Filter>소스 파일</Filter>
    </ClCompile>
    <ClCompile Include="bj_1931_2024.5.10.cpp">
      <Filter>소스 파일</Filter>
    </ClCompile>
    <ClCompile Include="bj_1991_2024.7.11.cpp">
      <Filter>소스 파일</Filter>
    </ClCompile>
    <ClCompile Include="bj_2163_2024.3.3.cpp">
      <Filter>소스 파일</Filter>
    </ClCompile>
    <ClCompile Include="bj_2477_2024.5.4.cpp">
      <Filter>소스 파일</Filter>
    </ClCompile>
    <ClCompile Include="bj_2502_2024.3.29.cpp">
      <Filter>소스 파일</Filter>
    </ClCompile>
    <ClCompile Include="bj_2525_2024.2.29.cpp">
      <Filter>소스 파일</Filter>
    </ClCompile>
    <ClCompile Include="bj_2559_2024.4.2.cpp">
      <Filter>소스 파일</Filter>
    </ClCompile>
    <ClCompile Include="bj_2563_2024.4.26.cpp">
      <Filter>소스 파일</Filter>
    </ClCompile>
    <ClCompile Include="bj_2578_2024.5.6.cpp">
      <Filter>소스 파일</Filter>
    </ClCompile>
    <ClCompile Include="bj_2740_2024.4.13.cpp">
      <Filter>소스 파일</Filter>
    </ClCompile>
    <ClCompile Include="bj_9465_2024.4.28.cpp">
      <Filter>소스 파일</Filter>
    </ClCompile>
    <ClCompile Include="bj_10837_2024.4.28.cpp">
      <Filter>소스 파일</Filter>
    </ClCompile>
    <ClCompile Include="bj_10942_2024.4.1.cpp">
      <Filter>소스 파일</Filter>
    </ClCompile>
    <ClCompile Include="bj_11399_2024.3.28.cpp">
      <Filter>소스 파일</Filter>
    </ClCompile>
    <ClCompile Include="bj_11502_2024.4.27.cpp">
      <Filter>소스 파일</Filter>
    </ClCompile>
    <ClCompile Include="bj_11725_2024.7.12.cpp">
      <Filter>소스 파일</Filter>
    </ClCompile>
    <ClCompile Include="bj_13230_2024.5.2.cpp">
      <Filter>소스 파일</Filter>
    </ClCompile>
    <ClCompile Include="bj_13335_2024.5.5.cpp">
      <Filter>소스 파일</Filter>
    </ClCompile>
    <ClCompile Include="bj_15649_2024.3.29.cpp">
      <Filter>소스 파일</Filter>
    </ClCompile>
    <ClCompile Include="bj_15650_2024.3.29.cpp">
      <Filter>소스 파일</Filter>
    </ClCompile>
    <ClCompile Include="bj_15651_2024.3.29.cpp">
      <Filter>소스 파일</Filter>
    </ClCompile>
    <ClCompile Include="bj_15652_2024.3.29.cpp">
      <Filter>소스 파일</Filter>
    </ClCompile>
    <ClCompile Include="bj_18870_2024.7.12.cpp">
      <Filter>소스 파일</Filter>
    </ClCompile>
    <ClCompile Include="bj_21758_2024.5.12.cpp">
      <Filter>소스 파일</Filter>
    </ClCompile>
  </ItemGroup>
</Project>