<?xml version="1.0" encoding="utf-8"?>
<Project ToolsVersion="4.0" xmlns="http://schemas.microsoft.com/developer/msbuild/2003">
  <ItemGroup>
    <Filter Include="소스 파일">
      <UniqueIdentifier>{4FC737F1-C7A5-4376-A066-2A32D752A2FF}</UniqueIdentifier>
      <Extensions>cpp;c;cc;cxx;c++;cppm;ixx;def;odl;idl;hpj;bat;asm;asmx</Extensions>
    </Filter>
    <Filter Include="헤더 파일">
      <UniqueIdentifier>{93995380-89BD-4b04-88EB-625FBE52EBFB}</UniqueIdentifier>
      <Extensions>h;hh;hpp;hxx;h++;hm;inl;inc;ipp;xsd</Extensions>
    </Filter>
    <Filter Include="리소스 파일">
      <UniqueIdentifier>{67DA6AB6-F800-4c08-8B7A-83BB121AAD01}</UniqueIdentifier>
      <Extensions>rc;ico;cur;bmp;dlg;rc2;rct;bin;rgs;gif;jpg;jpeg;jpe;resx;tiff;tif;png;wav;mfcribbon-ms</Extensions>
    </Filter>
  </ItemGroup>
  <ItemGroup>
    <ClCompile Include="oj_1053_2024.2.17.cpp">
      <Filter>소스 파일</Filter>
    </ClCompile>
    <ClCompile Include="oj_1054_2024.2.17.cpp">
      <Filter>소스 파일</Filter>
    </ClCompile>
    <ClCompile Include="oj_1055_2024.2.17.cpp">
      <Filter>소스 파일</Filter>
    </ClCompile>
    <ClCompile Include="oj_1056_2024.2.17.cpp">
      <Filter>소스 파일</Filter>
    </ClCompile>
    <ClCompile Include="oj_1057_2024.2.17.cpp">
      <Filter>소스 파일</Filter>
    </ClCompile>
    <ClCompile Include="oj_1058_2024.2.17.cpp">
      <Filter>소스 파일</Filter>
    </ClCompile>
    <ClCompile Include="oj_1060_2024.2.18.cpp">
      <Filter>소스 파일</Filter>
    </ClCompile>
    <ClCompile Include="oj_1064_2024.2.18.cpp">
      <Filter>소스 파일</Filter>
    </ClCompile>
    <ClCompile Include="oj_1079_2024.2.17.cpp">
      <Filter>소스 파일</Filter>
    </ClCompile>
    <ClCompile Include="oj_1081_2024.3.12.cpp">
      <Filter>소스 파일</Filter>
    </ClCompile>
    <ClCompile Include="oj_1090_2024.2.24.cpp">
      <Filter>소스 파일</Filter>
    </ClCompile>
    <ClCompile Include="oj_1092_2024.2.17.cpp">
      <Filter>소스 파일</Filter>
    </ClCompile>
    <ClCompile Include="oj_1114_2024.2.17.cpp">
      <Filter>소스 파일</Filter>
    </ClCompile>
    <ClCompile Include="oj_2055_2024.2.24.cpp">
      <Filter>소스 파일</Filter>
    </ClCompile>
    <ClCompile Include="oj_2056_2024.2.24.cpp">
      <Filter>소스 파일</Filter>
    </ClCompile>
    <ClCompile Include="oj_2113_2024.3.11.cpp">
      <Filter>소스 파일</Filter>
    </ClCompile>
    <ClCompile Include="oj_2118_2024.3.11.cpp">
      <Filter>소스 파일</Filter>
    </ClCompile>
    <ClCompile Include="oj_3009_2024.3.23.cpp">
      <Filter>소스 파일</Filter>
    </ClCompile>
    <ClCompile Include="oj_3010_2024.3.24.cpp">
      <Filter>소스 파일</Filter>
    </ClCompile>
    <ClCompile Include="oj_3011_2024.3.30.cpp">
      <Filter>소스 파일</Filter>
    </ClCompile>
    <ClCompile Include="oj_3036_2024.2.25.cpp">
      <Filter>소스 파일</Filter>
    </ClCompile>
    <ClCompile Include="oj_3037_2024.2.29.cpp">
      <Filter>소스 파일</Filter>
    </ClCompile>
    <ClCompile Include="oj_3067_2024.4.12.cpp">
      <Filter>소스 파일</Filter>
    </ClCompile>
    <ClCompile Include="oj_3094_2024.2.27.cpp">
      <Filter>소스 파일</Filter>
    </ClCompile>
    <ClCompile Include="oj_3104_2024.4.12.cpp">
      <Filter>소스 파일</Filter>
    </ClCompile>
    <ClCompile Include="oj_4085_2024.3.22.cpp">
      <Filter>소스 파일</Filter>
    </ClCompile>
    <ClCompile Include="oj_4111_2024.4.6.cpp">
      <Filter>소스 파일</Filter>
    </ClCompile>
    <ClCompile Include="oj_4118_2024.4.12.cpp">
      <Filter>소스 파일</Filter>
    </ClCompile>
  </ItemGroup>
</Project>